
Microsoft Visual Studio Solution File, Format Version 12.00
# Visual Studio Version 16
VisualStudioVersion = 16.0.29519.181
MinimumVisualStudioVersion = 10.0.40219.1
Project("{9A19103F-16F7-4668-BE54-9A1E7A4F7556}") = "MyHomeBarV2.Host", "src\Host\MyHomeBarV2.Host.csproj", "{80A0BA77-E295-40D0-9213-AA12AA671CA1}"
EndProject
Project("{2150E333-8FDC-42A3-9474-1A3956D46DE8}") = "src", "src", "{899F2F15-B2C6-4AC7-BFF5-BEC1CE683CFD}"
EndProject
Project("{2150E333-8FDC-42A3-9474-1A3956D46DE8}") = "tests", "tests", "{11518AB1-8334-4866-BCF3-F36E9781982A}"
EndProject
Project("{FAE04EC0-301F-11D3-BF4B-00C04F79EFBC}") = "MyHomeBarV2.Api", "src\Api\MyHomeBarV2.Api\MyHomeBarV2.Api.csproj", "{CC68B2AD-C5EB-45FA-8784-0D541394BC82}"
EndProject
Global
	GlobalSection(SolutionConfigurationPlatforms) = preSolution
		Debug|Any CPU = Debug|Any CPU
		Release|Any CPU = Release|Any CPU
	EndGlobalSection
	GlobalSection(ProjectConfigurationPlatforms) = postSolution
		{80A0BA77-E295-40D0-9213-AA12AA671CA1}.Debug|Any CPU.ActiveCfg = Debug|Any CPU
		{80A0BA77-E295-40D0-9213-AA12AA671CA1}.Debug|Any CPU.Build.0 = Debug|Any CPU
		{80A0BA77-E295-40D0-9213-AA12AA671CA1}.Release|Any CPU.ActiveCfg = Release|Any CPU
		{80A0BA77-E295-40D0-9213-AA12AA671CA1}.Release|Any CPU.Build.0 = Release|Any CPU
		{CC68B2AD-C5EB-45FA-8784-0D541394BC82}.Debug|Any CPU.ActiveCfg = Debug|Any CPU
		{CC68B2AD-C5EB-45FA-8784-0D541394BC82}.Debug|Any CPU.Build.0 = Debug|Any CPU
		{CC68B2AD-C5EB-45FA-8784-0D541394BC82}.Release|Any CPU.ActiveCfg = Release|Any CPU
		{CC68B2AD-C5EB-45FA-8784-0D541394BC82}.Release|Any CPU.Build.0 = Release|Any CPU
	EndGlobalSection
	GlobalSection(SolutionProperties) = preSolution
		HideSolutionNode = FALSE
	EndGlobalSection
	GlobalSection(NestedProjects) = preSolution
		{80A0BA77-E295-40D0-9213-AA12AA671CA1} = {899F2F15-B2C6-4AC7-BFF5-BEC1CE683CFD}
		{CC68B2AD-C5EB-45FA-8784-0D541394BC82} = {899F2F15-B2C6-4AC7-BFF5-BEC1CE683CFD}
	EndGlobalSection
	GlobalSection(ExtensibilityGlobals) = postSolution
		SolutionGuid = {62A51047-2308-497C-B9DE-AA231190C356}
	EndGlobalSection
EndGlobal
